
Microsoft Visual Studio Solution File, Format Version 12.00
# Visual Studio 15
VisualStudioVersion = 15.0.27130.2036
MinimumVisualStudioVersion = 10.0.40219.1
Project("{FAE04EC0-301F-11D3-BF4B-00C04F79EFBC}") = "CWT_CRUD", "CWT_CRUD\CWT_CRUD.csproj", "{DC2AE5CE-C15F-43F6-B82F-D03CA09723A0}"
EndProject
Global
	GlobalSection(SolutionConfigurationPlatforms) = preSolution
		Debug|Any CPU = Debug|Any CPU
		Release|Any CPU = Release|Any CPU
	EndGlobalSection
	GlobalSection(ProjectConfigurationPlatforms) = postSolution
		{DC2AE5CE-C15F-43F6-B82F-D03CA09723A0}.Debug|Any CPU.ActiveCfg = Debug|Any CPU
		{DC2AE5CE-C15F-43F6-B82F-D03CA09723A0}.Debug|Any CPU.Build.0 = Debug|Any CPU
		{DC2AE5CE-C15F-43F6-B82F-D03CA09723A0}.Release|Any CPU.ActiveCfg = Release|Any CPU
		{DC2AE5CE-C15F-43F6-B82F-D03CA09723A0}.Release|Any CPU.Build.0 = Release|Any CPU
	EndGlobalSection
	GlobalSection(SolutionProperties) = preSolution
		HideSolutionNode = FALSE
	EndGlobalSection
	GlobalSection(ExtensibilityGlobals) = postSolution
		SolutionGuid = {ADC71BCF-D8D7-40F1-8672-AF3C4C24D65D}
	EndGlobalSection
EndGlobal
